{
    "_meta": {
        "hash": {
            "sha256": "44a4c02d2ebe2bd912affb1c10c1c6478e30d04a7aba87fd93593da470dd85dc"
        },
        "pipfile-spec": 6,
        "requires": {
            "python_version": "3.12"
        },
        "sources": [
            {
                "name": "pypi",
                "url": "https://pypi.org/simple",
                "verify_ssl": true
            }
        ]
    },
    "default": {
        "asgiref": {
            "hashes": [
                "sha256:89b2ef2247e3b562a16eef663bc0e2e703ec6468e2fa8a5cd61cd449786d4f6e",
                "sha256:9e0ce3aa93a819ba5b45120216b23878cf6e8525eb3848653452b4192b92afed"
            ],
            "markers": "python_version >= '3.7'",
            "version": "==3.7.2"
        },
        "coverage": {
            "hashes": [
                "sha256:0193657651f5399d433c92f8ae264aff31fc1d066deee4b831549526433f3f61",
                "sha256:02f2edb575d62172aa28fe00efe821ae31f25dc3d589055b3fb64d51e52e4ab1",
                "sha256:0491275c3b9971cdbd28a4595c2cb5838f08036bca31765bad5e17edf900b2c7",
                "sha256:077d366e724f24fc02dbfe9d946534357fda71af9764ff99d73c3c596001bbd7",
                "sha256:10e88e7f41e6197ea0429ae18f21ff521d4f4490aa33048f6c6f94c6045a6a75",
                "sha256:18e961aa13b6d47f758cc5879383d27b5b3f3dcd9ce8cdbfdc2571fe86feb4dd",
                "sha256:1a78b656a4d12b0490ca72651fe4d9f5e07e3c6461063a9b6265ee45eb2bdd35",
                "sha256:1ed4b95480952b1a26d863e546fa5094564aa0065e1e5f0d4d0041f293251d04",
                "sha256:23b27b8a698e749b61809fb637eb98ebf0e505710ec46a8aa6f1be7dc0dc43a6",
                "sha256:23f5881362dcb0e1a92b84b3c2809bdc90db892332daab81ad8f642d8ed55042",
                "sha256:32a8d985462e37cfdab611a6f95b09d7c091d07668fdc26e47a725ee575fe166",
                "sha256:3468cc8720402af37b6c6e7e2a9cdb9f6c16c728638a2ebc768ba1ef6f26c3a1",
                "sha256:379d4c7abad5afbe9d88cc31ea8ca262296480a86af945b08214eb1a556a3e4d",
                "sha256:3cacfaefe6089d477264001f90f55b7881ba615953414999c46cc9713ff93c8c",
                "sha256:3e3424c554391dc9ef4a92ad28665756566a28fecf47308f91841f6c49288e66",
                "sha256:46342fed0fff72efcda77040b14728049200cbba1279e0bf1188f1f2078c1d70",
                "sha256:536d609c6963c50055bab766d9951b6c394759190d03311f3e9fcf194ca909e1",
                "sha256:5d6850e6e36e332d5511a48a251790ddc545e16e8beaf046c03985c69ccb2676",
                "sha256:6008adeca04a445ea6ef31b2cbaf1d01d02986047606f7da266629afee982630",
                "sha256:64e723ca82a84053dd7bfcc986bdb34af8d9da83c521c19d6b472bc6880e191a",
                "sha256:6b00e21f86598b6330f0019b40fb397e705135040dbedc2ca9a93c7441178e74",
                "sha256:6d224f0c4c9c98290a6990259073f496fcec1b5cc613eecbd22786d398ded3ad",
                "sha256:6dceb61d40cbfcf45f51e59933c784a50846dc03211054bd76b421a713dcdf19",
                "sha256:7ac8f8eb153724f84885a1374999b7e45734bf93a87d8df1e7ce2146860edef6",
                "sha256:85ccc5fa54c2ed64bd91ed3b4a627b9cce04646a659512a051fa82a92c04a448",
                "sha256:869b5046d41abfea3e381dd143407b0d29b8282a904a19cb908fa24d090cc018",
                "sha256:8bdb0285a0202888d19ec6b6d23d5990410decb932b709f2b0dfe216d031d218",
                "sha256:8dfc5e195bbef80aabd81596ef52a1277ee7143fe419efc3c4d8ba2754671756",
                "sha256:8e738a492b6221f8dcf281b67129510835461132b03024830ac0e554311a5c54",
                "sha256:918440dea04521f499721c039863ef95433314b1db00ff826a02580c1f503e45",
                "sha256:9641e21670c68c7e57d2053ddf6c443e4f0a6e18e547e86af3fad0795414a628",
                "sha256:9d2f9d4cc2a53b38cabc2d6d80f7f9b7e3da26b2f53d48f05876fef7956b6968",
                "sha256:a07f61fc452c43cd5328b392e52555f7d1952400a1ad09086c4a8addccbd138d",
                "sha256:a3277f5fa7483c927fe3a7b017b39351610265308f5267ac6d4c2b64cc1d8d25",
                "sha256:a4a3907011d39dbc3e37bdc5df0a8c93853c369039b59efa33a7b6669de04c60",
                "sha256:aeb2c2688ed93b027eb0d26aa188ada34acb22dceea256d76390eea135083950",
                "sha256:b094116f0b6155e36a304ff912f89bbb5067157aff5f94060ff20bbabdc8da06",
                "sha256:b8ffb498a83d7e0305968289441914154fb0ef5d8b3157df02a90c6695978295",
                "sha256:b9bb62fac84d5f2ff523304e59e5c439955fb3b7f44e3d7b2085184db74d733b",
                "sha256:c61f66d93d712f6e03369b6a7769233bfda880b12f417eefdd4f16d1deb2fc4c",
                "sha256:ca6e61dc52f601d1d224526360cdeab0d0712ec104a2ce6cc5ccef6ed9a233bc",
                "sha256:ca7b26a5e456a843b9b6683eada193fc1f65c761b3a473941efe5a291f604c74",
                "sha256:d12c923757de24e4e2110cf8832d83a886a4cf215c6e61ed506006872b43a6d1",
                "sha256:d17bbc946f52ca67adf72a5ee783cd7cd3477f8f8796f59b4974a9b59cacc9ee",
                "sha256:dfd1e1b9f0898817babf840b77ce9fe655ecbe8b1b327983df485b30df8cc011",
                "sha256:e0860a348bf7004c812c8368d1fc7f77fe8e4c095d661a579196a9533778e156",
                "sha256:f2f5968608b1fe2a1d00d01ad1017ee27efd99b3437e08b83ded9b7af3f6f766",
                "sha256:f3771b23bb3675a06f5d885c3630b1d01ea6cac9e84a01aaf5508706dba546c5",
                "sha256:f68ef3660677e6624c8cace943e4765545f8191313a07288a53d3da188bd8581",
                "sha256:f86f368e1c7ce897bf2457b9eb61169a44e2ef797099fb5728482b8d69f3f016",
                "sha256:f90515974b39f4dea2f27c0959688621b46d96d5a626cf9c53dbc653a895c05c",
                "sha256:fe558371c1bdf3b8fa03e097c523fb9645b8730399c14fe7721ee9c9e2a545d3"
            ],
            "index": "pypi",
            "markers": "python_version >= '3.8'",
            "version": "==7.4.1"
        },
        "dj-database-url": {
            "hashes": [
                "sha256:04bc34b248d4c21aaa13e4ab419ae6575ef5f10f3df735ce7da97722caa356e0",
                "sha256:f2042cefe1086e539c9da39fad5ad7f61173bf79665e69bf7e4de55fa88b135f"
            ],
            "index": "pypi",
            "version": "==2.1.0"
        },
        "django": {
            "hashes": [
                "sha256:56ab63a105e8bb06ee67381d7b65fe6774f057e41a8bab06c8020c8882d8ecd4",
                "sha256:b5bb1d11b2518a5f91372a282f24662f58f66749666b0a286ab057029f728080"
            ],
            "index": "pypi",
            "markers": "python_version >= '3.10'",
            "version": "==5.0.2"
        },
        "djangorestframework": {
            "hashes": [
                "sha256:579a333e6256b09489cbe0a067e66abe55c6595d8926be6b99423786334350c8",
                "sha256:eb63f58c9f218e1a7d064d17a70751f528ed4e1d35547fdade9aaf4cd103fd08"
            ],
            "index": "pypi",
            "markers": "python_version >= '3.6'",
            "version": "==3.14.0"
        },
        "gunicorn": {
            "hashes": [
                "sha256:3213aa5e8c24949e792bcacfc176fef362e7aac80b76c56f6b5122bf350722f0",
                "sha256:88ec8bff1d634f98e61b9f65bc4bf3cd918a90806c6f5c48bc5603849ec81033"
            ],
            "index": "pypi",
            "markers": "python_version >= '3.5'",
            "version": "==21.2.0"
        },
        "packaging": {
            "hashes": [
                "sha256:048fb0e9405036518eaaf48a55953c750c11e1a1b68e0dd1a9d62ed0c092cfc5",
                "sha256:8c491190033a9af7e1d931d0b5dacc2ef47509b34dd0de67ed209b5203fc88c7"
            ],
            "markers": "python_version >= '3.7'",
            "version": "==23.2"
        },
        "psycopg": {
            "hashes": [
                "sha256:31144d3fb4c17d78094d9e579826f047d4af1da6a10427d91dfcfb6ecdf6f12b",
                "sha256:4d5a0a5a8590906daa58ebd5f3cfc34091377354a1acced269dd10faf55da60e"
            ],
            "index": "pypi",
            "markers": "python_version >= '3.7'",
            "version": "==3.1.18"
        },
        "pytz": {
            "hashes": [
                "sha256:2a29735ea9c18baf14b448846bde5a48030ed267578472d8955cd0e7443a9812",
                "sha256:328171f4e3623139da4983451950b28e95ac706e13f3f2630a879749e7a8b319"
            ],
            "version": "==2024.1"
        },
        "pyyaml": {
            "hashes": [
                "sha256:04ac92ad1925b2cff1db0cfebffb6ffc43457495c9b3c39d3fcae417d7125dc5",
                "sha256:062582fca9fabdd2c8b54a3ef1c978d786e0f6b3a1510e0ac93ef59e0ddae2bc",
                "sha256:0d3304d8c0adc42be59c5f8a4d9e3d7379e6955ad754aa9d6ab7a398b59dd1df",
                "sha256:1635fd110e8d85d55237ab316b5b011de701ea0f29d07611174a1b42f1444741",
                "sha256:184c5108a2aca3c5b3d3bf9395d50893a7ab82a38004c8f61c258d4428e80206",
                "sha256:18aeb1bf9a78867dc38b259769503436b7c72f7a1f1f4c93ff9a17de54319b27",
                "sha256:1d4c7e777c441b20e32f52bd377e0c409713e8bb1386e1099c2415f26e479595",
                "sha256:1e2722cc9fbb45d9b87631ac70924c11d3a401b2d7f410cc0e3bbf249f2dca62",
                "sha256:1fe35611261b29bd1de0070f0b2f47cb6ff71fa6595c077e42bd0c419fa27b98",
                "sha256:28c119d996beec18c05208a8bd78cbe4007878c6dd15091efb73a30e90539696",
                "sha256:326c013efe8048858a6d312ddd31d56e468118ad4cdeda36c719bf5bb6192290",
                "sha256:40df9b996c2b73138957fe23a16a4f0ba614f4c0efce1e9406a184b6d07fa3a9",
                "sha256:42f8152b8dbc4fe7d96729ec2b99c7097d656dc1213a3229ca5383f973a5ed6d",
                "sha256:49a183be227561de579b4a36efbb21b3eab9651dd81b1858589f796549873dd6",
                "sha256:4fb147e7a67ef577a588a0e2c17b6db51dda102c71de36f8549b6816a96e1867",
                "sha256:50550eb667afee136e9a77d6dc71ae76a44df8b3e51e41b77f6de2932bfe0f47",
                "sha256:510c9deebc5c0225e8c96813043e62b680ba2f9c50a08d3724c7f28a747d1486",
                "sha256:5773183b6446b2c99bb77e77595dd486303b4faab2b086e7b17bc6bef28865f6",
                "sha256:596106435fa6ad000c2991a98fa58eeb8656ef2325d7e158344fb33864ed87e3",
                "sha256:6965a7bc3cf88e5a1c3bd2e0b5c22f8d677dc88a455344035f03399034eb3007",
                "sha256:69b023b2b4daa7548bcfbd4aa3da05b3a74b772db9e23b982788168117739938",
                "sha256:6c22bec3fbe2524cde73d7ada88f6566758a8f7227bfbf93a408a9d86bcc12a0",
                "sha256:704219a11b772aea0d8ecd7058d0082713c3562b4e271b849ad7dc4a5c90c13c",
                "sha256:7e07cbde391ba96ab58e532ff4803f79c4129397514e1413a7dc761ccd755735",
                "sha256:81e0b275a9ecc9c0c0c07b4b90ba548307583c125f54d5b6946cfee6360c733d",
                "sha256:855fb52b0dc35af121542a76b9a84f8d1cd886ea97c84703eaa6d88e37a2ad28",
                "sha256:8d4e9c88387b0f5c7d5f281e55304de64cf7f9c0021a3525bd3b1c542da3b0e4",
                "sha256:9046c58c4395dff28dd494285c82ba00b546adfc7ef001486fbf0324bc174fba",
                "sha256:9eb6caa9a297fc2c2fb8862bc5370d0303ddba53ba97e71f08023b6cd73d16a8",
                "sha256:a08c6f0fe150303c1c6b71ebcd7213c2858041a7e01975da3a99aed1e7a378ef",
                "sha256:a0cd17c15d3bb3fa06978b4e8958dcdc6e0174ccea823003a106c7d4d7899ac5",
                "sha256:afd7e57eddb1a54f0f1a974bc4391af8bcce0b444685d936840f125cf046d5bd",
                "sha256:b1275ad35a5d18c62a7220633c913e1b42d44b46ee12554e5fd39c70a243d6a3",
                "sha256:b786eecbdf8499b9ca1d697215862083bd6d2a99965554781d0d8d1ad31e13a0",
                "sha256:ba336e390cd8e4d1739f42dfe9bb83a3cc2e80f567d8805e11b46f4a943f5515",
                "sha256:baa90d3f661d43131ca170712d903e6295d1f7a0f595074f151c0aed377c9b9c",
                "sha256:bc1bf2925a1ecd43da378f4db9e4f799775d6367bdb94671027b73b393a7c42c",
                "sha256:bd4af7373a854424dabd882decdc5579653d7868b8fb26dc7d0e99f823aa5924",
                "sha256:bf07ee2fef7014951eeb99f56f39c9bb4af143d8aa3c21b1677805985307da34",
                "sha256:bfdf460b1736c775f2ba9f6a92bca30bc2095067b8a9d77876d1fad6cc3b4a43",
                "sha256:c8098ddcc2a85b61647b2590f825f3db38891662cfc2fc776415143f599bb859",
                "sha256:d2b04aac4d386b172d5b9692e2d2da8de7bfb6c387fa4f801fbf6fb2e6ba4673",
                "sha256:d483d2cdf104e7c9fa60c544d92981f12ad66a457afae824d146093b8c294c54",
                "sha256:d858aa552c999bc8a8d57426ed01e40bef403cd8ccdd0fc5f6f04a00414cac2a",
                "sha256:e7d73685e87afe9f3b36c799222440d6cf362062f78be1013661b00c5c6f678b",
                "sha256:f003ed9ad21d6a4713f0a9b5a7a0a79e08dd0f221aff4525a2be4c346ee60aab",
                "sha256:f22ac1c3cac4dbc50079e965eba2c1058622631e526bd9afd45fedd49ba781fa",
                "sha256:faca3bdcf85b2fc05d06ff3fbc1f83e1391b3e724afa3feba7d13eeab355484c",
                "sha256:fca0e3a251908a499833aa292323f32437106001d436eca0e6e7833256674585",
                "sha256:fd1592b3fdf65fff2ad0004b5e363300ef59ced41c2e6b3a99d4089fa8c5435d",
                "sha256:fd66fc5d0da6d9815ba2cebeb4205f95818ff4b79c3ebe268e75d961704af52f"
            ],
            "index": "pypi",
            "markers": "python_version >= '3.6'",
            "version": "==6.0.1"
        },
        "sqlparse": {
            "hashes": [
                "sha256:5430a4fe2ac7d0f93e66f1efc6e1338a41884b7ddf2a350cedd20ccc4d9d28f3",
                "sha256:d446183e84b8349fa3061f0fe7f06ca94ba65b426946ffebe6e3e8295332420c"
            ],
            "markers": "python_version >= '3.5'",
            "version": "==0.4.4"
        },
        "typing-extensions": {
            "hashes": [
                "sha256:23478f88c37f27d76ac8aee6c905017a143b0b1b886c3c9f66bc2fd94f9f5783",
                "sha256:af72aea155e91adfc61c3ae9e0e342dbc0cba726d6cba4b6c72c1f34e47291cd"
            ],
            "markers": "python_version >= '3.8'",
            "version": "==4.9.0"
        },
        "tzdata": {
            "hashes": [
                "sha256:2674120f8d891909751c38abcdfd386ac0a5a1127954fbc332af6b5ceae07efd",
                "sha256:9068bc196136463f5245e51efda838afa15aaeca9903f49050dfa2679db4d252"
            ],
            "markers": "sys_platform == 'win32'",
            "version": "==2024.1"
        },
        "uritemplate": {
            "hashes": [
                "sha256:4346edfc5c3b79f694bccd6d6099a322bbeb628dbf2cd86eea55a456ce5124f0",
                "sha256:830c08b8d99bdd312ea4ead05994a38e8936266f84b9a7878232db50b044e02e"
            ],
            "index": "pypi",
            "markers": "python_version >= '3.6'",
            "version": "==4.1.1"
        },
        "whitenoise": {
            "hashes": [
                "sha256:8998f7370973447fac1e8ef6e8ded2c5209a7b1f67c1012866dbcd09681c3251",
                "sha256:b1f9db9bf67dc183484d760b99f4080185633136a273a03f6436034a41064146"
            ],
            "index": "pypi",
            "markers": "python_version >= '3.8'",
            "version": "==6.6.0"
        }
    },
    "develop": {
        "astroid": {
            "hashes": [
                "sha256:4148645659b08b70d72460ed1921158027a9e53ae8b7234149b1400eddacbb93",
                "sha256:92fcf218b89f449cdf9f7b39a269f8d5d617b27be68434912e11e79203963a17"
            ],
            "markers": "python_full_version >= '3.8.0'",
            "version": "==3.0.3"
        },
        "autopep8": {
            "hashes": [
                "sha256:067959ca4a07b24dbd5345efa8325f5f58da4298dab0dde0443d5ed765de80cb",
                "sha256:2913064abd97b3419d1cc83ea71f042cb821f87e45b9c88cad5ad3c4ea87fe0c"
            ],
            "index": "pypi",
            "markers": "python_version >= '3.6'",
            "version": "==2.0.4"
        },
        "colorama": {
            "hashes": [
                "sha256:08695f5cb7ed6e0531a20572697297273c47b8cae5a63ffc6d6ed5c201be6e44",
                "sha256:4f1d9991f5acc0ca119f9d443620b77f9d6b33703e51011c16baf57afb285fc6"
            ],
            "markers": "sys_platform == 'win32'",
            "version": "==0.4.6"
        },
        "dill": {
            "hashes": [
                "sha256:3ebe3c479ad625c4553aca177444d89b486b1d84982eeacded644afc0cf797ca",
                "sha256:c36ca9ffb54365bdd2f8eb3eff7d2a21237f8452b57ace88b1ac615b7e815bd7"
            ],
            "markers": "python_version >= '3.11'",
            "version": "==0.3.8"
        },
        "isort": {
            "hashes": [
                "sha256:48fdfcb9face5d58a4f6dde2e72a1fb8dcaf8ab26f95ab49fab84c2ddefb0109",
                "sha256:8ca5e72a8d85860d5a3fa69b8745237f2939afe12dbf656afbcb47fe72d947a6"
            ],
            "markers": "python_full_version >= '3.8.0'",
            "version": "==5.13.2"
        },
        "mccabe": {
            "hashes": [
                "sha256:348e0240c33b60bbdf4e523192ef919f28cb2c3d7d5c7794f74009290f236325",
                "sha256:6c2d30ab6be0e4a46919781807b4f0d834ebdd6c6e3dca0bda5a15f863427b6e"
            ],
            "markers": "python_version >= '3.6'",
            "version": "==0.7.0"
        },
        "platformdirs": {
            "hashes": [
                "sha256:0614df2a2f37e1a662acbd8e2b25b92ccf8632929bc6d43467e17fe89c75e068",
                "sha256:ef0cc731df711022c174543cb70a9b5bd22e5a9337c8624ef2c2ceb8ddad8768"
            ],
            "markers": "python_version >= '3.8'",
            "version": "==4.2.0"
        },
        "pycodestyle": {
            "hashes": [
                "sha256:41ba0e7afc9752dfb53ced5489e89f8186be00e599e712660695b7a75ff2663f",
                "sha256:44fe31000b2d866f2e41841b18528a505fbd7fef9017b04eff4e2648a0fadc67"
            ],
            "markers": "python_version >= '3.8'",
            "version": "==2.11.1"
        },
        "pylint": {
            "hashes": [
                "sha256:58c2398b0301e049609a8429789ec6edf3aabe9b6c5fec916acd18639c16de8b",
                "sha256:7a1585285aefc5165db81083c3e06363a27448f6b467b3b0f30dbd0ac1f73810"
            ],
            "index": "pypi",
            "markers": "python_full_version >= '3.8.0'",
            "version": "==3.0.3"
        },
        "tomlkit": {
            "hashes": [
                "sha256:75baf5012d06501f07bee5bf8e801b9f343e7aac5a92581f20f80ce632e6b5a4",
                "sha256:b0a645a9156dc7cb5d3a1f0d4bab66db287fcb8e0430bdd4664a095ea16414ba"
            ],
            "markers": "python_version >= '3.7'",
            "version": "==0.12.3"
        }
    }
}
